
Microsoft Visual Studio Solution File, Format Version 12.00
# Visual Studio Version 16
VisualStudioVersion = 16.0.31515.178
MinimumVisualStudioVersion = 10.0.40219.1
Project("{FAE04EC0-301F-11D3-BF4B-00C04F79EFBC}") = "Statusbits", "Statusbits.csproj", "{34BA1CAD-1AAC-4AC8-9C2E-A2E1CD567452}"
EndProject
Project("{9A19103F-16F7-4668-BE54-9A1E7A4F7556}") = "BitDecryption", "BitDecryption\BitDecryption.csproj", "{CA73C00E-3CA3-4DC1-8416-6D43A32950F3}"
EndProject
Global
	GlobalSection(SolutionConfigurationPlatforms) = preSolution
		Debug|Any CPU = Debug|Any CPU
		Debug|ARM = Debug|ARM
		Debug|ARM64 = Debug|ARM64
		Debug|x64 = Debug|x64
		Debug|x86 = Debug|x86
		Release|Any CPU = Release|Any CPU
		Release|ARM = Release|ARM
		Release|ARM64 = Release|ARM64
		Release|x64 = Release|x64
		Release|x86 = Release|x86
	EndGlobalSection
	GlobalSection(ProjectConfigurationPlatforms) = postSolution
		{34BA1CAD-1AAC-4AC8-9C2E-A2E1CD567452}.Debug|Any CPU.ActiveCfg = Debug|x86
		{34BA1CAD-1AAC-4AC8-9C2E-A2E1CD567452}.Debug|Any CPU.Build.0 = Debug|x86
		{34BA1CAD-1AAC-4AC8-9C2E-A2E1CD567452}.Debug|Any CPU.Deploy.0 = Debug|x86
		{34BA1CAD-1AAC-4AC8-9C2E-A2E1CD567452}.Debug|ARM.ActiveCfg = Debug|ARM
		{34BA1CAD-1AAC-4AC8-9C2E-A2E1CD567452}.Debug|ARM.Build.0 = Debug|ARM
		{34BA1CAD-1AAC-4AC8-9C2E-A2E1CD567452}.Debug|ARM.Deploy.0 = Debug|ARM
		{34BA1CAD-1AAC-4AC8-9C2E-A2E1CD567452}.Debug|ARM64.ActiveCfg = Debug|ARM64
		{34BA1CAD-1AAC-4AC8-9C2E-A2E1CD567452}.Debug|ARM64.Build.0 = Debug|ARM64
		{34BA1CAD-1AAC-4AC8-9C2E-A2E1CD567452}.Debug|ARM64.Deploy.0 = Debug|ARM64
		{34BA1CAD-1AAC-4AC8-9C2E-A2E1CD567452}.Debug|x64.ActiveCfg = Debug|x64
		{34BA1CAD-1AAC-4AC8-9C2E-A2E1CD567452}.Debug|x64.Build.0 = Debug|x64
		{34BA1CAD-1AAC-4AC8-9C2E-A2E1CD567452}.Debug|x64.Deploy.0 = Debug|x64
		{34BA1CAD-1AAC-4AC8-9C2E-A2E1CD567452}.Debug|x86.ActiveCfg = Debug|x86
		{34BA1CAD-1AAC-4AC8-9C2E-A2E1CD567452}.Debug|x86.Build.0 = Debug|x86
		{34BA1CAD-1AAC-4AC8-9C2E-A2E1CD567452}.Debug|x86.Deploy.0 = Debug|x86
		{34BA1CAD-1AAC-4AC8-9C2E-A2E1CD567452}.Release|Any CPU.ActiveCfg = Release|x86
		{34BA1CAD-1AAC-4AC8-9C2E-A2E1CD567452}.Release|ARM.ActiveCfg = Release|ARM
		{34BA1CAD-1AAC-4AC8-9C2E-A2E1CD567452}.Release|ARM.Build.0 = Release|ARM
		{34BA1CAD-1AAC-4AC8-9C2E-A2E1CD567452}.Release|ARM.Deploy.0 = Release|ARM
		{34BA1CAD-1AAC-4AC8-9C2E-A2E1CD567452}.Release|ARM64.ActiveCfg = Release|ARM64
		{34BA1CAD-1AAC-4AC8-9C2E-A2E1CD567452}.Release|ARM64.Build.0 = Release|ARM64
		{34BA1CAD-1AAC-4AC8-9C2E-A2E1CD567452}.Release|ARM64.Deploy.0 = Release|ARM64
		{34BA1CAD-1AAC-4AC8-9C2E-A2E1CD567452}.Release|x64.ActiveCfg = Release|x64
		{34BA1CAD-1AAC-4AC8-9C2E-A2E1CD567452}.Release|x64.Build.0 = Release|x64
		{34BA1CAD-1AAC-4AC8-9C2E-A2E1CD567452}.Release|x64.Deploy.0 = Release|x64
		{34BA1CAD-1AAC-4AC8-9C2E-A2E1CD567452}.Release|x86.ActiveCfg = Release|x86
		{34BA1CAD-1AAC-4AC8-9C2E-A2E1CD567452}.Release|x86.Build.0 = Release|x86
		{34BA1CAD-1AAC-4AC8-9C2E-A2E1CD567452}.Release|x86.Deploy.0 = Release|x86
		{CA73C00E-3CA3-4DC1-8416-6D43A32950F3}.Debug|Any CPU.ActiveCfg = Debug|Any CPU
		{CA73C00E-3CA3-4DC1-8416-6D43A32950F3}.Debug|Any CPU.Build.0 = Debug|Any CPU
		{CA73C00E-3CA3-4DC1-8416-6D43A32950F3}.Debug|ARM.ActiveCfg = Debug|Any CPU
		{CA73C00E-3CA3-4DC1-8416-6D43A32950F3}.Debug|ARM.Build.0 = Debug|Any CPU
		{CA73C00E-3CA3-4DC1-8416-6D43A32950F3}.Debug|ARM64.ActiveCfg = Debug|Any CPU
		{CA73C00E-3CA3-4DC1-8416-6D43A32950F3}.Debug|ARM64.Build.0 = Debug|Any CPU
		{CA73C00E-3CA3-4DC1-8416-6D43A32950F3}.Debug|x64.ActiveCfg = Debug|Any CPU
		{CA73C00E-3CA3-4DC1-8416-6D43A32950F3}.Debug|x64.Build.0 = Debug|Any CPU
		{CA73C00E-3CA3-4DC1-8416-6D43A32950F3}.Debug|x86.ActiveCfg = Debug|Any CPU
		{CA73C00E-3CA3-4DC1-8416-6D43A32950F3}.Debug|x86.Build.0 = Debug|Any CPU
		{CA73C00E-3CA3-4DC1-8416-6D43A32950F3}.Release|Any CPU.ActiveCfg = Release|Any CPU
		{CA73C00E-3CA3-4DC1-8416-6D43A32950F3}.Release|Any CPU.Build.0 = Release|Any CPU
		{CA73C00E-3CA3-4DC1-8416-6D43A32950F3}.Release|ARM.ActiveCfg = Release|Any CPU
		{CA73C00E-3CA3-4DC1-8416-6D43A32950F3}.Release|ARM.Build.0 = Release|Any CPU
		{CA73C00E-3CA3-4DC1-8416-6D43A32950F3}.Release|ARM64.ActiveCfg = Release|Any CPU
		{CA73C00E-3CA3-4DC1-8416-6D43A32950F3}.Release|ARM64.Build.0 = Release|Any CPU
		{CA73C00E-3CA3-4DC1-8416-6D43A32950F3}.Release|x64.ActiveCfg = Release|Any CPU
		{CA73C00E-3CA3-4DC1-8416-6D43A32950F3}.Release|x64.Build.0 = Release|Any CPU
		{CA73C00E-3CA3-4DC1-8416-6D43A32950F3}.Release|x86.ActiveCfg = Release|Any CPU
		{CA73C00E-3CA3-4DC1-8416-6D43A32950F3}.Release|x86.Build.0 = Release|Any CPU
	EndGlobalSection
	GlobalSection(SolutionProperties) = preSolution
		HideSolutionNode = FALSE
	EndGlobalSection
	GlobalSection(ExtensibilityGlobals) = postSolution
		SolutionGuid = {D1F589E4-C427-4770-ADB9-F6EE3CE7732F}
	EndGlobalSection
EndGlobal
